PODS:
  - AppAuth (1.6.2):
    - AppAuth/Core (= 1.6.2)
    - AppAuth/ExternalUserAgent (= 1.6.2)
  - AppAuth/Core (1.6.2)
  - AppAuth/ExternalUserAgent (1.6.2):
    - AppAuth/Core
  - GoogleAPIClientForREST/Core (3.3.0):
    - GTMSessionFetcher/Full (< 4.0, >= 1.6.1)
  - GoogleAPIClientForREST/Drive (3.3.0):
    - GoogleAPIClientForREST/Core
    - GTMSessionFetcher/Full (< 4.0, >= 1.6.1)
  - GoogleSignIn (7.0.0):
    - AppAuth (~> 1.5)
    - GTMAppAuth (< 3.0, >= 1.3)
    - GTMSessionFetcher/Core (< 4.0, >= 1.1)
  - GTMAppAuth (2.0.0):
    - AppAuth/Core (~> 1.6)
    - GTMSessionFetcher/Core (< 4.0, >= 1.5)
  - GTMSessionFetcher/Core (3.1.1)
  - GTMSessionFetcher/Full (3.1.1):
    - GTMSessionFetcher/Core
  - ImageSlideshow (1.9.2):
    - ImageSlideshow/Core (= 1.9.2)
  - ImageSlideshow/Core (1.9.2)
  - Kingfisher (7.9.1)
  - SVPullToRefresh (0.4.1)

DEPENDENCIES:
  - GoogleAPIClientForREST/Drive
  - GoogleSignIn
  - ImageSlideshow
  - Kingfisher
  - SVPullToRefresh

SPEC REPOS:
  trunk:
    - AppAuth
    - GoogleAPIClientForREST
    - GoogleSignIn
    - GTMAppAuth
    - GTMSessionFetcher
    - ImageSlideshow
    - Kingfisher
    - SVPullToRefresh

SPEC CHECKSUMS:
  AppAuth: 3bb1d1cd9340bd09f5ed189fb00b1cc28e1e8570
  GoogleAPIClientForREST: ebbe8e40acdd2587c6b38fcc0fd955fbe69e3ddd
  GoogleSignIn: b232380cf495a429b8095d3178a8d5855b42e842
  GTMAppAuth: 99fb010047ba3973b7026e45393f51f27ab965ae
  GTMSessionFetcher: e8647203b65cee28c5f73d0f473d096653945e72
  ImageSlideshow: be305b54eaf2b2cfc7a7141c7c734605d44dc07d
  Kingfisher: 1d14e9f59cbe19389f591c929000332bf70efd32
  SVPullToRefresh: ba2e718695a43253d8bea6852d2960097dc15d8c

PODFILE CHECKSUM: 87a4e084b6fa1f1940bd0d060d02946a16ce258e

COCOAPODS: 1.13.0
